
Microsoft Visual Studio Solution File, Format Version 12.00
# Visual Studio Version 16
VisualStudioVersion = 16.0.30204.135
MinimumVisualStudioVersion = 10.0.40219.1
Project("{FAE04EC0-301F-11D3-BF4B-00C04F79EFBC}") = "Examen_GuillermoSotomayor", "Examen_GuillermoSotomayor\Examen_GuillermoSotomayor.csproj", "{625761E7-9D23-47E6-B1A9-41A311BE59B2}"
EndProject
Project("{FAE04EC0-301F-11D3-BF4B-00C04F79EFBC}") = "GuillermoSotomayor.DAL", "GuillermoSotomayor.DAL\GuillermoSotomayor.DAL.csproj", "{CDF7A1F0-B036-4719-B459-1916616842E4}"
EndProject
Project("{FAE04EC0-301F-11D3-BF4B-00C04F79EFBC}") = "GuillermoSotomayor.ETL", "GuillermoSotomayor.ETL\GuillermoSotomayor.ETL.csproj", "{1859EAD6-FA9D-4495-8BE1-F073B808A862}"
EndProject
Project("{FAE04EC0-301F-11D3-BF4B-00C04F79EFBC}") = "GuillermoSotomayor.BLL", "GuillermoSotomayor.BLL\GuillermoSotomayor.BLL.csproj", "{083458FB-1F6A-4F8A-A96F-7588B036C90E}"
EndProject
Global
	GlobalSection(SolutionConfigurationPlatforms) = preSolution
		Debug|Any CPU = Debug|Any CPU
		Release|Any CPU = Release|Any CPU
	EndGlobalSection
	GlobalSection(ProjectConfigurationPlatforms) = postSolution
		{625761E7-9D23-47E6-B1A9-41A311BE59B2}.Debug|Any CPU.ActiveCfg = Debug|Any CPU
		{625761E7-9D23-47E6-B1A9-41A311BE59B2}.Debug|Any CPU.Build.0 = Debug|Any CPU
		{625761E7-9D23-47E6-B1A9-41A311BE59B2}.Release|Any CPU.ActiveCfg = Release|Any CPU
		{625761E7-9D23-47E6-B1A9-41A311BE59B2}.Release|Any CPU.Build.0 = Release|Any CPU
		{CDF7A1F0-B036-4719-B459-1916616842E4}.Debug|Any CPU.ActiveCfg = Debug|Any CPU
		{CDF7A1F0-B036-4719-B459-1916616842E4}.Debug|Any CPU.Build.0 = Debug|Any CPU
		{CDF7A1F0-B036-4719-B459-1916616842E4}.Release|Any CPU.ActiveCfg = Release|Any CPU
		{CDF7A1F0-B036-4719-B459-1916616842E4}.Release|Any CPU.Build.0 = Release|Any CPU
		{1859EAD6-FA9D-4495-8BE1-F073B808A862}.Debug|Any CPU.ActiveCfg = Debug|Any CPU
		{1859EAD6-FA9D-4495-8BE1-F073B808A862}.Debug|Any CPU.Build.0 = Debug|Any CPU
		{1859EAD6-FA9D-4495-8BE1-F073B808A862}.Release|Any CPU.ActiveCfg = Release|Any CPU
		{1859EAD6-FA9D-4495-8BE1-F073B808A862}.Release|Any CPU.Build.0 = Release|Any CPU
		{083458FB-1F6A-4F8A-A96F-7588B036C90E}.Debug|Any CPU.ActiveCfg = Debug|Any CPU
		{083458FB-1F6A-4F8A-A96F-7588B036C90E}.Debug|Any CPU.Build.0 = Debug|Any CPU
		{083458FB-1F6A-4F8A-A96F-7588B036C90E}.Release|Any CPU.ActiveCfg = Release|Any CPU
		{083458FB-1F6A-4F8A-A96F-7588B036C90E}.Release|Any CPU.Build.0 = Release|Any CPU
	EndGlobalSection
	GlobalSection(SolutionProperties) = preSolution
		HideSolutionNode = FALSE
	EndGlobalSection
	GlobalSection(ExtensibilityGlobals) = postSolution
		SolutionGuid = {36A5E263-EAC8-40DC-8124-B14A45A068E6}
	EndGlobalSection
EndGlobal
